// !$*UTF8*$!
{
	archiveVersion = 1;
	classes = {
	};
	objectVersion = 46;
	objects = {

/* Begin PBXBuildFile section */
		42D79670B474683C0079A94C /* Pods_APShoppingTests.framework in Frameworks */ = {isa = PBXBuildFile; fileRef = C9403493AF91EB94689AFFCF /* Pods_APShoppingTests.framework */; };
		A2F64A0860A8A5F93D178F5D /* Pods_APShoppingUITests.framework in Frameworks */ = {isa = PBXBuildFile; fileRef = 8A487FFF3B0012FC5C51FDBE /* Pods_APShoppingUITests.framework */; };
		B802A5501FAD16F2004CBD5A /* Arrow.framework in Frameworks */ = {isa = PBXBuildFile; fileRef = B802A54F1FAD16F2004CBD5A /* Arrow.framework */; };
		B802A5561FAD1AB5004CBD5A /* ws.framework in Frameworks */ = {isa = PBXBuildFile; fileRef = B802A5551FAD1AB5004CBD5A /* ws.framework */; };
		B802A5581FAD1AE2004CBD5A /* then.framework in Frameworks */ = {isa = PBXBuildFile; fileRef = B802A5571FAD1AE2004CBD5A /* then.framework */; };
		B802A55A1FAD27C5004CBD5A /* APSProductSize+Arrow.swift in Sources */ = {isa = PBXBuildFile; fileRef = B802A5591FAD27C5004CBD5A /* APSProductSize+Arrow.swift */; };
		B802A55C1FAD2A49004CBD5A /* APSProductSizeDetail+Arrow.swift in Sources */ = {isa = PBXBuildFile; fileRef = B802A55B1FAD2A49004CBD5A /* APSProductSizeDetail+Arrow.swift */; };
		B802A55E1FAD2C8B004CBD5A /* APSProductDetail+Arrow.swift in Sources */ = {isa = PBXBuildFile; fileRef = B802A55D1FAD2C8B004CBD5A /* APSProductDetail+Arrow.swift */; };
		B802A5601FAD2CB7004CBD5A /* APSProduct+Arrow.swift in Sources */ = {isa = PBXBuildFile; fileRef = B802A55F1FAD2CB7004CBD5A /* APSProduct+Arrow.swift */; };
		B829123E1FAE0E8A0071E5DB /* APSBaseViewController.swift in Sources */ = {isa = PBXBuildFile; fileRef = B829123D1FAE0E8A0071E5DB /* APSBaseViewController.swift */; };
		B82912411FAE0ED20071E5DB /* APSMainViewController.swift in Sources */ = {isa = PBXBuildFile; fileRef = B82912401FAE0ED20071E5DB /* APSMainViewController.swift */; };
		B82912431FAE0F6E0071E5DB /* APSTableViewCell.swift in Sources */ = {isa = PBXBuildFile; fileRef = B82912421FAE0F6E0071E5DB /* APSTableViewCell.swift */; };
		B82912451FAE2B570071E5DB /* APSDetailViewController.swift in Sources */ = {isa = PBXBuildFile; fileRef = B82912441FAE2B570071E5DB /* APSDetailViewController.swift */; };
		B82912521FAE60250071E5DB /* PureLayout.framework in Frameworks */ = {isa = PBXBuildFile; fileRef = B82912511FAE60250071E5DB /* PureLayout.framework */; };
		B82912541FAE6BE70071E5DB /* APSCollectionViewCell.swift in Sources */ = {isa = PBXBuildFile; fileRef = B82912531FAE6BE70071E5DB /* APSCollectionViewCell.swift */; };
		B82912581FAE714A0071E5DB /* Kingfisher.framework in Frameworks */ = {isa = PBXBuildFile; fileRef = B82912571FAE714A0071E5DB /* Kingfisher.framework */; };
		B8D2B1061FAF586D00CAD629 /* HAActionSheet.framework in Frameworks */ = {isa = PBXBuildFile; fileRef = B8D2B1051FAF586D00CAD629 /* HAActionSheet.framework */; };
		B8FD9CA41FA9B9D700D965F2 /* AppDelegate.swift in Sources */ = {isa = PBXBuildFile; fileRef = B8FD9CA31FA9B9D700D965F2 /* AppDelegate.swift */; };
		B8FD9CA91FA9B9D700D965F2 /* Main.storyboard in Resources */ = {isa = PBXBuildFile; fileRef = B8FD9CA71FA9B9D700D965F2 /* Main.storyboard */; };
		B8FD9CAB1FA9B9D700D965F2 /* Assets.xcassets in Resources */ = {isa = PBXBuildFile; fileRef = B8FD9CAA1FA9B9D700D965F2 /* Assets.xcassets */; };
		B8FD9CAE1FA9B9D700D965F2 /* LaunchScreen.storyboard in Resources */ = {isa = PBXBuildFile; fileRef = B8FD9CAC1FA9B9D700D965F2 /* LaunchScreen.storyboard */; };
		B8FD9CB91FA9B9D700D965F2 /* APShoppingTests.swift in Sources */ = {isa = PBXBuildFile; fileRef = B8FD9CB81FA9B9D700D965F2 /* APShoppingTests.swift */; };
		B8FD9CC41FA9B9D700D965F2 /* APShoppingUITests.swift in Sources */ = {isa = PBXBuildFile; fileRef = B8FD9CC31FA9B9D700D965F2 /* APShoppingUITests.swift */; };
		FCABB0B2A6E4739E0108D724 /* Pods_APShopping.framework in Frameworks */ = {isa = PBXBuildFile; fileRef = B92D6DE7C343AC24463A1AC0 /* Pods_APShopping.framework */; };
/* End PBXBuildFile section */

/* Begin PBXContainerItemProxy section */
		B8FD9CB51FA9B9D700D965F2 /* PBXContainerItemProxy */ = {
			isa = PBXContainerItemProxy;
			containerPortal = B8FD9C981FA9B9D700D965F2 /* Project object */;
			proxyType = 1;
			remoteGlobalIDString = B8FD9C9F1FA9B9D700D965F2;
			remoteInfo = APShopping;
		};
		B8FD9CC01FA9B9D700D965F2 /* PBXContainerItemProxy */ = {
			isa = PBXContainerItemProxy;
			containerPortal = B8FD9C981FA9B9D700D965F2 /* Project object */;
			proxyType = 1;
			remoteGlobalIDString = B8FD9C9F1FA9B9D700D965F2;
			remoteInfo = APShopping;
		};
/* End PBXContainerItemProxy section */

/* Begin PBXFileReference section */
		00412AF8FBD1BB3753FB983B /* Pods-APShoppingUITests.release.xcconfig */ = {isa = PBXFileReference; includeInIndex = 1; lastKnownFileType = text.xcconfig; name = "Pods-APShoppingUITests.release.xcconfig"; path = "Pods/Target Support Files/Pods-APShoppingUITests/Pods-APShoppingUITests.release.xcconfig"; sourceTree = "<group>"; };
		01FEB07867F7C9D82F17A2B0 /* Pods-APShopping.debug.xcconfig */ = {isa = PBXFileReference; includeInIndex = 1; lastKnownFileType = text.xcconfig; name = "Pods-APShopping.debug.xcconfig"; path = "Pods/Target Support Files/Pods-APShopping/Pods-APShopping.debug.xcconfig"; sourceTree = "<group>"; };
		40DEDA6A2A893E30A5F52C37 /* Pods-APShopping.release.xcconfig */ = {isa = PBXFileReference; includeInIndex = 1; lastKnownFileType = text.xcconfig; name = "Pods-APShopping.release.xcconfig"; path = "Pods/Target Support Files/Pods-APShopping/Pods-APShopping.release.xcconfig"; sourceTree = "<group>"; };
		54ED10202B34E8BBF3E97F94 /* Pods-APShoppingUITests.debug.xcconfig */ = {isa = PBXFileReference; includeInIndex = 1; lastKnownFileType = text.xcconfig; name = "Pods-APShoppingUITests.debug.xcconfig"; path = "Pods/Target Support Files/Pods-APShoppingUITests/Pods-APShoppingUITests.debug.xcconfig"; sourceTree = "<group>"; };
		8A487FFF3B0012FC5C51FDBE /* Pods_APShoppingUITests.framework */ = {isa = PBXFileReference; explicitFileType = wrapper.framework; includeInIndex = 0; path = Pods_APShoppingUITests.framework; sourceTree = BUILT_PRODUCTS_DIR; };
		B802A52A1FACDF7C004CBD5A /* JASON.framework */ = {isa = PBXFileReference; lastKnownFileType = wrapper.framework; name = JASON.framework; path = "../../../../Library/Developer/Xcode/DerivedData/APShopping-gmrtugcutcdkzzcbzytexzojtnya/Build/Products/Debug-iphonesimulator/JASON/JASON.framework"; sourceTree = "<group>"; };
		B802A5321FACEF79004CBD5A /* Mapper.framework */ = {isa = PBXFileReference; lastKnownFileType = wrapper.framework; name = Mapper.framework; path = "Pods/../build/Debug-iphoneos/ModelMapper/Mapper.framework"; sourceTree = "<group>"; };
		B802A5341FACF4E1004CBD5A /* Unbox.framework */ = {isa = PBXFileReference; lastKnownFileType = wrapper.framework; name = Unbox.framework; path = "Pods/../build/Debug-iphoneos/Unbox/Unbox.framework"; sourceTree = "<group>"; };
		B802A5361FACFE1E004CBD5A /* UnboxedAlamofire.framework */ = {isa = PBXFileReference; lastKnownFileType = wrapper.framework; name = UnboxedAlamofire.framework; path = "Pods/../build/Debug-iphoneos/UnboxedAlamofire/UnboxedAlamofire.framework"; sourceTree = "<group>"; };
		B802A5491FAD14C1004CBD5A /* Argo.framework */ = {isa = PBXFileReference; lastKnownFileType = wrapper.framework; name = Argo.framework; path = "../../../../Library/Developer/Xcode/DerivedData/APShopping-gmrtugcutcdkzzcbzytexzojtnya/Build/Products/Debug-iphonesimulator/Argo/Argo.framework"; sourceTree = "<group>"; };
		B802A54A1FAD14C1004CBD5A /* Runes.framework */ = {isa = PBXFileReference; lastKnownFileType = wrapper.framework; name = Runes.framework; path = "../../../../Library/Developer/Xcode/DerivedData/APShopping-gmrtugcutcdkzzcbzytexzojtnya/Build/Products/Debug-iphonesimulator/Runes/Runes.framework"; sourceTree = "<group>"; };
		B802A54D1FAD1549004CBD5A /* Curry.framework */ = {isa = PBXFileReference; lastKnownFileType = wrapper.framework; name = Curry.framework; path = "../../../../Library/Developer/Xcode/DerivedData/APShopping-gmrtugcutcdkzzcbzytexzojtnya/Build/Products/Debug-iphonesimulator/Curry/Curry.framework"; sourceTree = "<group>"; };
		B802A54F1FAD16F2004CBD5A /* Arrow.framework */ = {isa = PBXFileReference; lastKnownFileType = wrapper.framework; name = Arrow.framework; path = "../../../../Library/Developer/Xcode/DerivedData/APShopping-gmrtugcutcdkzzcbzytexzojtnya/Build/Products/Debug-iphonesimulator/Arrow/Arrow.framework"; sourceTree = "<group>"; };
		B802A5551FAD1AB5004CBD5A /* ws.framework */ = {isa = PBXFileReference; lastKnownFileType = wrapper.framework; name = ws.framework; path = "Pods/../build/Debug-iphoneos/ws/ws.framework"; sourceTree = "<group>"; };
		B802A5571FAD1AE2004CBD5A /* then.framework */ = {isa = PBXFileReference; lastKnownFileType = wrapper.framework; name = then.framework; path = "../../../../Library/Developer/Xcode/DerivedData/APShopping-gmrtugcutcdkzzcbzytexzojtnya/Build/Products/Debug-iphonesimulator/thenPromise/then.framework"; sourceTree = "<group>"; };
		B802A5591FAD27C5004CBD5A /* APSProductSize+Arrow.swift */ = {isa = PBXFileReference; fileEncoding = 4; lastKnownFileType = sourcecode.swift; path = "APSProductSize+Arrow.swift"; sourceTree = "<group>"; };
		B802A55B1FAD2A49004CBD5A /* APSProductSizeDetail+Arrow.swift */ = {isa = PBXFileReference; fileEncoding = 4; lastKnownFileType = sourcecode.swift; path = "APSProductSizeDetail+Arrow.swift"; sourceTree = "<group>"; };
		B802A55D1FAD2C8B004CBD5A /* APSProductDetail+Arrow.swift */ = {isa = PBXFileReference; fileEncoding = 4; lastKnownFileType = sourcecode.swift; path = "APSProductDetail+Arrow.swift"; sourceTree = "<group>"; };
		B802A55F1FAD2CB7004CBD5A /* APSProduct+Arrow.swift */ = {isa = PBXFileReference; fileEncoding = 4; lastKnownFileType = sourcecode.swift; path = "APSProduct+Arrow.swift"; sourceTree = "<group>"; };
		B829123D1FAE0E8A0071E5DB /* APSBaseViewController.swift */ = {isa = PBXFileReference; fileEncoding = 4; lastKnownFileType = sourcecode.swift; path = APSBaseViewController.swift; sourceTree = "<group>"; };
		B82912401FAE0ED20071E5DB /* APSMainViewController.swift */ = {isa = PBXFileReference; fileEncoding = 4; lastKnownFileType = sourcecode.swift; path = APSMainViewController.swift; sourceTree = "<group>"; };
		B82912421FAE0F6E0071E5DB /* APSTableViewCell.swift */ = {isa = PBXFileReference; fileEncoding = 4; lastKnownFileType = sourcecode.swift; path = APSTableViewCell.swift; sourceTree = "<group>"; };
		B82912441FAE2B570071E5DB /* APSDetailViewController.swift */ = {isa = PBXFileReference; fileEncoding = 4; lastKnownFileType = sourcecode.swift; path = APSDetailViewController.swift; sourceTree = "<group>"; };
		B82912511FAE60250071E5DB /* PureLayout.framework */ = {isa = PBXFileReference; lastKnownFileType = wrapper.framework; name = PureLayout.framework; path = "Pods/../build/Debug-iphoneos/PureLayout/PureLayout.framework"; sourceTree = "<group>"; };
		B82912531FAE6BE70071E5DB /* APSCollectionViewCell.swift */ = {isa = PBXFileReference; fileEncoding = 4; lastKnownFileType = sourcecode.swift; path = APSCollectionViewCell.swift; sourceTree = "<group>"; };
		B82912551FAE700B0071E5DB /* moa.framework */ = {isa = PBXFileReference; lastKnownFileType = wrapper.framework; name = moa.framework; path = "Pods/../build/Debug-iphoneos/moa/moa.framework"; sourceTree = "<group>"; };
		B82912571FAE714A0071E5DB /* Kingfisher.framework */ = {isa = PBXFileReference; lastKnownFileType = wrapper.framework; name = Kingfisher.framework; path = "Pods/../build/Debug-iphoneos/Kingfisher/Kingfisher.framework"; sourceTree = "<group>"; };
		B8C4713C1FAA5E7B00CAA397 /* Alamofire.framework */ = {isa = PBXFileReference; lastKnownFileType = wrapper.framework; name = Alamofire.framework; path = "Pods/../build/Debug-iphoneos/Alamofire/Alamofire.framework"; sourceTree = "<group>"; };
		B8C4713E1FAA5F5400CAA397 /* Alamofire.framework */ = {isa = PBXFileReference; lastKnownFileType = wrapper.framework; name = Alamofire.framework; path = "../../../../Library/Developer/Xcode/DerivedData/APShopping-gmrtugcutcdkzzcbzytexzojtnya/Build/Products/Debug-iphonesimulator/Alamofire/Alamofire.framework"; sourceTree = "<group>"; };
		B8D2B1051FAF586D00CAD629 /* HAActionSheet.framework */ = {isa = PBXFileReference; lastKnownFileType = wrapper.framework; name = HAActionSheet.framework; path = "Pods/../build/Debug-iphoneos/HAActionSheet/HAActionSheet.framework"; sourceTree = "<group>"; };
		B8D9EA091FAB912C00B7D958 /* SwiftyJSON.framework */ = {isa = PBXFileReference; lastKnownFileType = wrapper.framework; name = SwiftyJSON.framework; path = "../../../../Library/Developer/Xcode/DerivedData/APShopping-gmrtugcutcdkzzcbzytexzojtnya/Build/Products/Debug-iphonesimulator/SwiftyJSON/SwiftyJSON.framework"; sourceTree = "<group>"; };
		B8D9EA0B1FAC632200B7D958 /* AlamofireObjectMapper.framework */ = {isa = PBXFileReference; lastKnownFileType = wrapper.framework; name = AlamofireObjectMapper.framework; path = "Pods/../build/Debug-iphoneos/AlamofireObjectMapper/AlamofireObjectMapper.framework"; sourceTree = "<group>"; };
		B8D9EA0C1FAC632200B7D958 /* ObjectMapper.framework */ = {isa = PBXFileReference; lastKnownFileType = wrapper.framework; name = ObjectMapper.framework; path = "../../../../Library/Developer/Xcode/DerivedData/APShopping-gmrtugcutcdkzzcbzytexzojtnya/Build/Products/Debug-iphonesimulator/ObjectMapper/ObjectMapper.framework"; sourceTree = "<group>"; };
		B8FD9CA01FA9B9D700D965F2 /* APShopping.app */ = {isa = PBXFileReference; explicitFileType = wrapper.application; includeInIndex = 0; path = APShopping.app; sourceTree = BUILT_PRODUCTS_DIR; };
		B8FD9CA31FA9B9D700D965F2 /* AppDelegate.swift */ = {isa = PBXFileReference; lastKnownFileType = sourcecode.swift; path = AppDelegate.swift; sourceTree = "<group>"; };
		B8FD9CA81FA9B9D700D965F2 /* Base */ = {isa = PBXFileReference; lastKnownFileType = file.storyboard; name = Base; path = Base.lproj/Main.storyboard; sourceTree = "<group>"; };
		B8FD9CAA1FA9B9D700D965F2 /* Assets.xcassets */ = {isa = PBXFileReference; lastKnownFileType = folder.assetcatalog; path = Assets.xcassets; sourceTree = "<group>"; };
		B8FD9CAD1FA9B9D700D965F2 /* Base */ = {isa = PBXFileReference; lastKnownFileType = file.storyboard; name = Base; path = Base.lproj/LaunchScreen.storyboard; sourceTree = "<group>"; };
		B8FD9CAF1FA9B9D700D965F2 /* Info.plist */ = {isa = PBXFileReference; lastKnownFileType = text.plist.xml; path = Info.plist; sourceTree = "<group>"; };
		B8FD9CB41FA9B9D700D965F2 /* APShoppingTests.xctest */ = {isa = PBXFileReference; explicitFileType = wrapper.cfbundle; includeInIndex = 0; path = APShoppingTests.xctest; sourceTree = BUILT_PRODUCTS_DIR; };
		B8FD9CB81FA9B9D700D965F2 /* APShoppingTests.swift */ = {isa = PBXFileReference; lastKnownFileType = sourcecode.swift; path = APShoppingTests.swift; sourceTree = "<group>"; };
		B8FD9CBA1FA9B9D700D965F2 /* Info.plist */ = {isa = PBXFileReference; lastKnownFileType = text.plist.xml; path = Info.plist; sourceTree = "<group>"; };
		B8FD9CBF1FA9B9D700D965F2 /* APShoppingUITests.xctest */ = {isa = PBXFileReference; explicitFileType = wrapper.cfbundle; includeInIndex = 0; path = APShoppingUITests.xctest; sourceTree = BUILT_PRODUCTS_DIR; };
		B8FD9CC31FA9B9D700D965F2 /* APShoppingUITests.swift */ = {isa = PBXFileReference; lastKnownFileType = sourcecode.swift; path = APShoppingUITests.swift; sourceTree = "<group>"; };
		B8FD9CC51FA9B9D700D965F2 /* Info.plist */ = {isa = PBXFileReference; lastKnownFileType = text.plist.xml; path = Info.plist; sourceTree = "<group>"; };
		B92D6DE7C343AC24463A1AC0 /* Pods_APShopping.framework */ = {isa = PBXFileReference; explicitFileType = wrapper.framework; includeInIndex = 0; path = Pods_APShopping.framework; sourceTree = BUILT_PRODUCTS_DIR; };
		C469A45204B1F1D69D3629BC /* Pods-APShoppingTests.release.xcconfig */ = {isa = PBXFileReference; includeInIndex = 1; lastKnownFileType = text.xcconfig; name = "Pods-APShoppingTests.release.xcconfig"; path = "Pods/Target Support Files/Pods-APShoppingTests/Pods-APShoppingTests.release.xcconfig"; sourceTree = "<group>"; };
		C9403493AF91EB94689AFFCF /* Pods_APShoppingTests.framework */ = {isa = PBXFileReference; explicitFileType = wrapper.framework; includeInIndex = 0; path = Pods_APShoppingTests.framework; sourceTree = BUILT_PRODUCTS_DIR; };
		CC61467E60F84D0730A173F3 /* Pods-APShoppingTests.debug.xcconfig */ = {isa = PBXFileReference; includeInIndex = 1; lastKnownFileType = text.xcconfig; name = "Pods-APShoppingTests.debug.xcconfig"; path = "Pods/Target Support Files/Pods-APShoppingTests/Pods-APShoppingTests.debug.xcconfig"; sourceTree = "<group>"; };
/* End PBXFileReference section */

/* Begin PBXFrameworksBuildPhase section */
		B8FD9C9D1FA9B9D700D965F2 /* Frameworks */ = {
			isa = PBXFrameworksBuildPhase;
			buildActionMask = 2147483647;
			files = (
				B8D2B1061FAF586D00CAD629 /* HAActionSheet.framework in Frameworks */,
				B82912581FAE714A0071E5DB /* Kingfisher.framework in Frameworks */,
				B82912521FAE60250071E5DB /* PureLayout.framework in Frameworks */,
				B802A5581FAD1AE2004CBD5A /* then.framework in Frameworks */,
				B802A5561FAD1AB5004CBD5A /* ws.framework in Frameworks */,
				B802A5501FAD16F2004CBD5A /* Arrow.framework in Frameworks */,
				FCABB0B2A6E4739E0108D724 /* Pods_APShopping.framework in Frameworks */,
			);
			runOnlyForDeploymentPostprocessing = 0;
		};
		B8FD9CB11FA9B9D700D965F2 /* Frameworks */ = {
			isa = PBXFrameworksBuildPhase;
			buildActionMask = 2147483647;
			files = (
				42D79670B474683C0079A94C /* Pods_APShoppingTests.framework in Frameworks */,
			);
			runOnlyForDeploymentPostprocessing = 0;
		};
		B8FD9CBC1FA9B9D700D965F2 /* Frameworks */ = {
			isa = PBXFrameworksBuildPhase;
			buildActionMask = 2147483647;
			files = (
				A2F64A0860A8A5F93D178F5D /* Pods_APShoppingUITests.framework in Frameworks */,
			);
			runOnlyForDeploymentPostprocessing = 0;
		};
/* End PBXFrameworksBuildPhase section */

/* Begin PBXGroup section */
		2F17D1612B65F960491857E5 /* Frameworks */ = {
			isa = PBXGroup;
			children = (
				B8D2B1051FAF586D00CAD629 /* HAActionSheet.framework */,
				B82912571FAE714A0071E5DB /* Kingfisher.framework */,
				B82912551FAE700B0071E5DB /* moa.framework */,
				B82912511FAE60250071E5DB /* PureLayout.framework */,
				B802A5571FAD1AE2004CBD5A /* then.framework */,
				B802A5551FAD1AB5004CBD5A /* ws.framework */,
				B802A54F1FAD16F2004CBD5A /* Arrow.framework */,
				B802A54D1FAD1549004CBD5A /* Curry.framework */,
				B802A5491FAD14C1004CBD5A /* Argo.framework */,
				B802A54A1FAD14C1004CBD5A /* Runes.framework */,
				B802A5361FACFE1E004CBD5A /* UnboxedAlamofire.framework */,
				B802A5341FACF4E1004CBD5A /* Unbox.framework */,
				B802A5321FACEF79004CBD5A /* Mapper.framework */,
				B802A52A1FACDF7C004CBD5A /* JASON.framework */,
				B8D9EA0B1FAC632200B7D958 /* AlamofireObjectMapper.framework */,
				B8D9EA0C1FAC632200B7D958 /* ObjectMapper.framework */,
				B8D9EA091FAB912C00B7D958 /* SwiftyJSON.framework */,
				B8C4713E1FAA5F5400CAA397 /* Alamofire.framework */,
				B8C4713C1FAA5E7B00CAA397 /* Alamofire.framework */,
				B92D6DE7C343AC24463A1AC0 /* Pods_APShopping.framework */,
				C9403493AF91EB94689AFFCF /* Pods_APShoppingTests.framework */,
				8A487FFF3B0012FC5C51FDBE /* Pods_APShoppingUITests.framework */,
			);
			name = Frameworks;
			sourceTree = "<group>";
		};
		2FA208A0E9A3D5AA7FD7A291 /* Pods */ = {
			isa = PBXGroup;
			children = (
				01FEB07867F7C9D82F17A2B0 /* Pods-APShopping.debug.xcconfig */,
				40DEDA6A2A893E30A5F52C37 /* Pods-APShopping.release.xcconfig */,
				CC61467E60F84D0730A173F3 /* Pods-APShoppingTests.debug.xcconfig */,
				C469A45204B1F1D69D3629BC /* Pods-APShoppingTests.release.xcconfig */,
				54ED10202B34E8BBF3E97F94 /* Pods-APShoppingUITests.debug.xcconfig */,
				00412AF8FBD1BB3753FB983B /* Pods-APShoppingUITests.release.xcconfig */,
			);
			name = Pods;
			sourceTree = "<group>";
		};
		B802A5631FAD38E7004CBD5A /* Structs */ = {
			isa = PBXGroup;
			children = (
				B802A55F1FAD2CB7004CBD5A /* APSProduct+Arrow.swift */,
				B802A55D1FAD2C8B004CBD5A /* APSProductDetail+Arrow.swift */,
				B802A5591FAD27C5004CBD5A /* APSProductSize+Arrow.swift */,
				B802A55B1FAD2A49004CBD5A /* APSProductSizeDetail+Arrow.swift */,
			);
			name = Structs;
			sourceTree = "<group>";
		};
		B829123A1FAE01CC0071E5DB /* TableViewCell */ = {
			isa = PBXGroup;
			children = (
				B82912421FAE0F6E0071E5DB /* APSTableViewCell.swift */,
				B82912531FAE6BE70071E5DB /* APSCollectionViewCell.swift */,
			);
			name = TableViewCell;
			sourceTree = "<group>";
		};
		B829123F1FAE0E910071E5DB /* ViewControllers */ = {
			isa = PBXGroup;
			children = (
				B829123D1FAE0E8A0071E5DB /* APSBaseViewController.swift */,
				B82912401FAE0ED20071E5DB /* APSMainViewController.swift */,
				B82912441FAE2B570071E5DB /* APSDetailViewController.swift */,
			);
			name = ViewControllers;
			sourceTree = "<group>";
		};
		B8FD9C971FA9B9D700D965F2 = {
			isa = PBXGroup;
			children = (
				B8FD9CA21FA9B9D700D965F2 /* APShopping */,
				B8FD9CB71FA9B9D700D965F2 /* APShoppingTests */,
				B8FD9CC21FA9B9D700D965F2 /* APShoppingUITests */,
				B8FD9CA11FA9B9D700D965F2 /* Products */,
				2FA208A0E9A3D5AA7FD7A291 /* Pods */,
				2F17D1612B65F960491857E5 /* Frameworks */,
			);
			sourceTree = "<group>";
		};
		B8FD9CA11FA9B9D700D965F2 /* Products */ = {
			isa = PBXGroup;
			children = (
				B8FD9CA01FA9B9D700D965F2 /* APShopping.app */,
				B8FD9CB41FA9B9D700D965F2 /* APShoppingTests.xctest */,
				B8FD9CBF1FA9B9D700D965F2 /* APShoppingUITests.xctest */,
			);
			name = Products;
			sourceTree = "<group>";
		};
		B8FD9CA21FA9B9D700D965F2 /* APShopping */ = {
			isa = PBXGroup;
			children = (
				B829123F1FAE0E910071E5DB /* ViewControllers */,
				B829123A1FAE01CC0071E5DB /* TableViewCell */,
				B802A5631FAD38E7004CBD5A /* Structs */,
				B8FD9CA31FA9B9D700D965F2 /* AppDelegate.swift */,
				B8FD9CA71FA9B9D700D965F2 /* Main.storyboard */,
				B8FD9CAA1FA9B9D700D965F2 /* Assets.xcassets */,
				B8FD9CAC1FA9B9D700D965F2 /* LaunchScreen.storyboard */,
				B8FD9CAF1FA9B9D700D965F2 /* Info.plist */,
			);
			path = APShopping;
			sourceTree = "<group>";
		};
		B8FD9CB71FA9B9D700D965F2 /* APShoppingTests */ = {
			isa = PBXGroup;
			children = (
				B8FD9CB81FA9B9D700D965F2 /* APShoppingTests.swift */,
				B8FD9CBA1FA9B9D700D965F2 /* Info.plist */,
			);
			path = APShoppingTests;
			sourceTree = "<group>";
		};
		B8FD9CC21FA9B9D700D965F2 /* APShoppingUITests */ = {
			isa = PBXGroup;
			children = (
				B8FD9CC31FA9B9D700D965F2 /* APShoppingUITests.swift */,
				B8FD9CC51FA9B9D700D965F2 /* Info.plist */,
			);
			path = APShoppingUITests;
			sourceTree = "<group>";
		};
/* End PBXGroup section */

/* Begin PBXNativeTarget section */
		B8FD9C9F1FA9B9D700D965F2 /* APShopping */ = {
			isa = PBXNativeTarget;
			buildConfigurationList = B8FD9CC81FA9B9D700D965F2 /* Build configuration list for PBXNativeTarget "APShopping" */;
			buildPhases = (
				B1E58E4C0C3E9E3F7213D4A5 /* [CP] Check Pods Manifest.lock */,
				B8FD9C9C1FA9B9D700D965F2 /* Sources */,
				B8FD9C9D1FA9B9D700D965F2 /* Frameworks */,
				B8FD9C9E1FA9B9D700D965F2 /* Resources */,
				CFCAC2F166072BA0FAC253CD /* [CP] Embed Pods Frameworks */,
				50BAFE9E908CF8F1AB43ED2F /* [CP] Copy Pods Resources */,
			);
			buildRules = (
			);
			dependencies = (
			);
			name = APShopping;
			productName = APShopping;
			productReference = B8FD9CA01FA9B9D700D965F2 /* APShopping.app */;
			productType = "com.apple.product-type.application";
		};
		B8FD9CB31FA9B9D700D965F2 /* APShoppingTests */ = {
			isa = PBXNativeTarget;
			buildConfigurationList = B8FD9CCB1FA9B9D700D965F2 /* Build configuration list for PBXNativeTarget "APShoppingTests" */;
			buildPhases = (
				5B2132F55E788738F40148D1 /* [CP] Check Pods Manifest.lock */,
				B8FD9CB01FA9B9D700D965F2 /* Sources */,
				B8FD9CB11FA9B9D700D965F2 /* Frameworks */,
				B8FD9CB21FA9B9D700D965F2 /* Resources */,
				A82CFC34FFBF7198BAD96B75 /* [CP] Embed Pods Frameworks */,
				AAD46FC0EEFBD6850BA78DC0 /* [CP] Copy Pods Resources */,
			);
			buildRules = (
			);
			dependencies = (
				B8FD9CB61FA9B9D700D965F2 /* PBXTargetDependency */,
			);
			name = APShoppingTests;
			productName = APShoppingTests;
			productReference = B8FD9CB41FA9B9D700D965F2 /* APShoppingTests.xctest */;
			productType = "com.apple.product-type.bundle.unit-test";
		};
		B8FD9CBE1FA9B9D700D965F2 /* APShoppingUITests */ = {
			isa = PBXNativeTarget;
			buildConfigurationList = B8FD9CCE1FA9B9D700D965F2 /* Build configuration list for PBXNativeTarget "APShoppingUITests" */;
			buildPhases = (
				7866E3B64F92F9DE928285A7 /* [CP] Check Pods Manifest.lock */,
				B8FD9CBB1FA9B9D700D965F2 /* Sources */,
				B8FD9CBC1FA9B9D700D965F2 /* Frameworks */,
				B8FD9CBD1FA9B9D700D965F2 /* Resources */,
				56686D640538496E31EC0688 /* [CP] Embed Pods Frameworks */,
				076E5011BE09FFE060C665AA /* [CP] Copy Pods Resources */,
			);
			buildRules = (
			);
			dependencies = (
				B8FD9CC11FA9B9D700D965F2 /* PBXTargetDependency */,
			);
			name = APShoppingUITests;
			productName = APShoppingUITests;
			productReference = B8FD9CBF1FA9B9D700D965F2 /* APShoppingUITests.xctest */;
			productType = "com.apple.product-type.bundle.ui-testing";
		};
/* End PBXNativeTarget section */

/* Begin PBXProject section */
		B8FD9C981FA9B9D700D965F2 /* Project object */ = {
			isa = PBXProject;
			attributes = {
				LastSwiftUpdateCheck = 0830;
				LastUpgradeCheck = 0830;
				ORGANIZATIONNAME = "Abdullah Sevim";
				TargetAttributes = {
					B8FD9C9F1FA9B9D700D965F2 = {
						CreatedOnToolsVersion = 8.3.2;
						DevelopmentTeam = 68KNUZCUCR;
						ProvisioningStyle = Automatic;
					};
					B8FD9CB31FA9B9D700D965F2 = {
						CreatedOnToolsVersion = 8.3.2;
						DevelopmentTeam = 68KNUZCUCR;
						ProvisioningStyle = Automatic;
						TestTargetID = B8FD9C9F1FA9B9D700D965F2;
					};
					B8FD9CBE1FA9B9D700D965F2 = {
						CreatedOnToolsVersion = 8.3.2;
						DevelopmentTeam = 68KNUZCUCR;
						ProvisioningStyle = Automatic;
						TestTargetID = B8FD9C9F1FA9B9D700D965F2;
					};
				};
			};
			buildConfigurationList = B8FD9C9B1FA9B9D700D965F2 /* Build configuration list for PBXProject "APShopping" */;
			compatibilityVersion = "Xcode 3.2";
			developmentRegion = English;
			hasScannedForEncodings = 0;
			knownRegions = (
				en,
				Base,
			);
			mainGroup = B8FD9C971FA9B9D700D965F2;
			productRefGroup = B8FD9CA11FA9B9D700D965F2 /* Products */;
			projectDirPath = "";
			projectRoot = "";
			targets = (
				B8FD9C9F1FA9B9D700D965F2 /* APShopping */,
				B8FD9CB31FA9B9D700D965F2 /* APShoppingTests */,
				B8FD9CBE1FA9B9D700D965F2 /* APShoppingUITests */,
			);
		};
/* End PBXProject section */

/* Begin PBXResourcesBuildPhase section */
		B8FD9C9E1FA9B9D700D965F2 /* Resources */ = {
			isa = PBXResourcesBuildPhase;
			buildActionMask = 2147483647;
			files = (
				B8FD9CAE1FA9B9D700D965F2 /* LaunchScreen.storyboard in Resources */,
				B8FD9CAB1FA9B9D700D965F2 /* Assets.xcassets in Resources */,
				B8FD9CA91FA9B9D700D965F2 /* Main.storyboard in Resources */,
			);
			runOnlyForDeploymentPostprocessing = 0;
		};
		B8FD9CB21FA9B9D700D965F2 /* Resources */ = {
			isa = PBXResourcesBuildPhase;
			buildActionMask = 2147483647;
			files = (
			);
			runOnlyForDeploymentPostprocessing = 0;
		};
		B8FD9CBD1FA9B9D700D965F2 /* Resources */ = {
			isa = PBXResourcesBuildPhase;
			buildActionMask = 2147483647;
			files = (
			);
			runOnlyForDeploymentPostprocessing = 0;
		};
/* End PBXResourcesBuildPhase section */

/* Begin PBXShellScriptBuildPhase section */
		076E5011BE09FFE060C665AA /* [CP] Copy Pods Resources */ = {
			isa = PBXShellScriptBuildPhase;
			buildActionMask = 2147483647;
			files = (
			);
			inputPaths = (
			);
			name = "[CP] Copy Pods Resources";
			outputPaths = (
			);
			runOnlyForDeploymentPostprocessing = 0;
			shellPath = /bin/sh;
			shellScript = "\"${SRCROOT}/Pods/Target Support Files/Pods-APShoppingUITests/Pods-APShoppingUITests-resources.sh\"\n";
			showEnvVarsInLog = 0;
		};
		50BAFE9E908CF8F1AB43ED2F /* [CP] Copy Pods Resources */ = {
			isa = PBXShellScriptBuildPhase;
			buildActionMask = 2147483647;
			files = (
			);
			inputPaths = (
			);
			name = "[CP] Copy Pods Resources";
			outputPaths = (
			);
			runOnlyForDeploymentPostprocessing = 0;
			shellPath = /bin/sh;
			shellScript = "\"${SRCROOT}/Pods/Target Support Files/Pods-APShopping/Pods-APShopping-resources.sh\"\n";
			showEnvVarsInLog = 0;
		};
		56686D640538496E31EC0688 /* [CP] Embed Pods Frameworks */ = {
			isa = PBXShellScriptBuildPhase;
			buildActionMask = 2147483647;
			files = (
			);
			inputPaths = (
			);
			name = "[CP] Embed Pods Frameworks";
			outputPaths = (
			);
			runOnlyForDeploymentPostprocessing = 0;
			shellPath = /bin/sh;
			shellScript = "\"${SRCROOT}/Pods/Target Support Files/Pods-APShoppingUITests/Pods-APShoppingUITests-frameworks.sh\"\n";
			showEnvVarsInLog = 0;
		};
		5B2132F55E788738F40148D1 /* [CP] Check Pods Manifest.lock */ = {
			isa = PBXShellScriptBuildPhase;
			buildActionMask = 2147483647;
			files = (
			);
			inputPaths = (
			);
			name = "[CP] Check Pods Manifest.lock";
			outputPaths = (
			);
			runOnlyForDeploymentPostprocessing = 0;
			shellPath = /bin/sh;
			shellScript = "diff \"${PODS_ROOT}/../Podfile.lock\" \"${PODS_ROOT}/Manifest.lock\" > /dev/null\nif [ $? != 0 ] ; then\n    # print error to STDERR\n    echo \"error: The sandbox is not in sync with the Podfile.lock. Run 'pod install' or update your CocoaPods installation.\" >&2\n    exit 1\nfi\n";
			showEnvVarsInLog = 0;
		};
		7866E3B64F92F9DE928285A7 /* [CP] Check Pods Manifest.lock */ = {
			isa = PBXShellScriptBuildPhase;
			buildActionMask = 2147483647;
			files = (
			);
			inputPaths = (
			);
			name = "[CP] Check Pods Manifest.lock";
			outputPaths = (
			);
			runOnlyForDeploymentPostprocessing = 0;
			shellPath = /bin/sh;
			shellScript = "diff \"${PODS_ROOT}/../Podfile.lock\" \"${PODS_ROOT}/Manifest.lock\" > /dev/null\nif [ $? != 0 ] ; then\n    # print error to STDERR\n    echo \"error: The sandbox is not in sync with the Podfile.lock. Run 'pod install' or update your CocoaPods installation.\" >&2\n    exit 1\nfi\n";
			showEnvVarsInLog = 0;
		};
		A82CFC34FFBF7198BAD96B75 /* [CP] Embed Pods Frameworks */ = {
			isa = PBXShellScriptBuildPhase;
			buildActionMask = 2147483647;
			files = (
			);
			inputPaths = (
			);
			name = "[CP] Embed Pods Frameworks";
			outputPaths = (
			);
			runOnlyForDeploymentPostprocessing = 0;
			shellPath = /bin/sh;
			shellScript = "\"${SRCROOT}/Pods/Target Support Files/Pods-APShoppingTests/Pods-APShoppingTests-frameworks.sh\"\n";
			showEnvVarsInLog = 0;
		};
		AAD46FC0EEFBD6850BA78DC0 /* [CP] Copy Pods Resources */ = {
			isa = PBXShellScriptBuildPhase;
			buildActionMask = 2147483647;
			files = (
			);
			inputPaths = (
			);
			name = "[CP] Copy Pods Resources";
			outputPaths = (
			);
			runOnlyForDeploymentPostprocessing = 0;
			shellPath = /bin/sh;
			shellScript = "\"${SRCROOT}/Pods/Target Support Files/Pods-APShoppingTests/Pods-APShoppingTests-resources.sh\"\n";
			showEnvVarsInLog = 0;
		};
		B1E58E4C0C3E9E3F7213D4A5 /* [CP] Check Pods Manifest.lock */ = {
			isa = PBXShellScriptBuildPhase;
			buildActionMask = 2147483647;
			files = (
			);
			inputPaths = (
			);
			name = "[CP] Check Pods Manifest.lock";
			outputPaths = (
			);
			runOnlyForDeploymentPostprocessing = 0;
			shellPath = /bin/sh;
			shellScript = "diff \"${PODS_ROOT}/../Podfile.lock\" \"${PODS_ROOT}/Manifest.lock\" > /dev/null\nif [ $? != 0 ] ; then\n    # print error to STDERR\n    echo \"error: The sandbox is not in sync with the Podfile.lock. Run 'pod install' or update your CocoaPods installation.\" >&2\n    exit 1\nfi\n";
			showEnvVarsInLog = 0;
		};
		CFCAC2F166072BA0FAC253CD /* [CP] Embed Pods Frameworks */ = {
			isa = PBXShellScriptBuildPhase;
			buildActionMask = 2147483647;
			files = (
			);
			inputPaths = (
			);
			name = "[CP] Embed Pods Frameworks";
			outputPaths = (
			);
			runOnlyForDeploymentPostprocessing = 0;
			shellPath = /bin/sh;
			shellScript = "\"${SRCROOT}/Pods/Target Support Files/Pods-APShopping/Pods-APShopping-frameworks.sh\"\n";
			showEnvVarsInLog = 0;
		};
/* End PBXShellScriptBuildPhase section */

/* Begin PBXSourcesBuildPhase section */
		B8FD9C9C1FA9B9D700D965F2 /* Sources */ = {
			isa = PBXSourcesBuildPhase;
			buildActionMask = 2147483647;
			files = (
				B802A55A1FAD27C5004CBD5A /* APSProductSize+Arrow.swift in Sources */,
				B802A55E1FAD2C8B004CBD5A /* APSProductDetail+Arrow.swift in Sources */,
				B802A55C1FAD2A49004CBD5A /* APSProductSizeDetail+Arrow.swift in Sources */,
				B82912411FAE0ED20071E5DB /* APSMainViewController.swift in Sources */,
				B829123E1FAE0E8A0071E5DB /* APSBaseViewController.swift in Sources */,
				B802A5601FAD2CB7004CBD5A /* APSProduct+Arrow.swift in Sources */,
				B8FD9CA41FA9B9D700D965F2 /* AppDelegate.swift in Sources */,
				B82912431FAE0F6E0071E5DB /* APSTableViewCell.swift in Sources */,
				B82912451FAE2B570071E5DB /* APSDetailViewController.swift in Sources */,
				B82912541FAE6BE70071E5DB /* APSCollectionViewCell.swift in Sources */,
			);
			runOnlyForDeploymentPostprocessing = 0;
		};
		B8FD9CB01FA9B9D700D965F2 /* Sources */ = {
			isa = PBXSourcesBuildPhase;
			buildActionMask = 2147483647;
			files = (
				B8FD9CB91FA9B9D700D965F2 /* APShoppingTests.swift in Sources */,
			);
			runOnlyForDeploymentPostprocessing = 0;
		};
		B8FD9CBB1FA9B9D700D965F2 /* Sources */ = {
			isa = PBXSourcesBuildPhase;
			buildActionMask = 2147483647;
			files = (
				B8FD9CC41FA9B9D700D965F2 /* APShoppingUITests.swift in Sources */,
			);
			runOnlyForDeploymentPostprocessing = 0;
		};
/* End PBXSourcesBuildPhase section */

/* Begin PBXTargetDependency section */
		B8FD9CB61FA9B9D700D965F2 /* PBXTargetDependency */ = {
			isa = PBXTargetDependency;
			target = B8FD9C9F1FA9B9D700D965F2 /* APShopping */;
			targetProxy = B8FD9CB51FA9B9D700D965F2 /* PBXContainerItemProxy */;
		};
		B8FD9CC11FA9B9D700D965F2 /* PBXTargetDependency */ = {
			isa = PBXTargetDependency;
			target = B8FD9C9F1FA9B9D700D965F2 /* APShopping */;
			targetProxy = B8FD9CC01FA9B9D700D965F2 /* PBXContainerItemProxy */;
		};
/* End PBXTargetDependency section */

/* Begin PBXVariantGroup section */
		B8FD9CA71FA9B9D700D965F2 /* Main.storyboard */ = {
			isa = PBXVariantGroup;
			children = (
				B8FD9CA81FA9B9D700D965F2 /* Base */,
			);
			name = Main.storyboard;
			sourceTree = "<group>";
		};
		B8FD9CAC1FA9B9D700D965F2 /* LaunchScreen.storyboard */ = {
			isa = PBXVariantGroup;
			children = (
				B8FD9CAD1FA9B9D700D965F2 /* Base */,
			);
			name = LaunchScreen.storyboard;
			sourceTree = "<group>";
		};
/* End PBXVariantGroup section */

/* Begin XCBuildConfiguration section */
		B8FD9CC61FA9B9D700D965F2 /* Debug */ = {
			isa = XCBuildConfiguration;
			buildSettings = {
				ALWAYS_SEARCH_USER_PATHS = NO;
				CLANG_ANALYZER_NONNULL = YES;
				CLANG_ANALYZER_NUMBER_OBJECT_CONVERSION = YES_AGGRESSIVE;
				CLANG_CXX_LANGUAGE_STANDARD = "gnu++0x";
				CLANG_CXX_LIBRARY = "libc++";
				CLANG_ENABLE_MODULES = YES;
				CLANG_ENABLE_OBJC_ARC = YES;
				CLANG_WARN_BOOL_CONVERSION = YES;
				CLANG_WARN_CONSTANT_CONVERSION = YES;
				CLANG_WARN_DIRECT_OBJC_ISA_USAGE = YES_ERROR;
				CLANG_WARN_DOCUMENTATION_COMMENTS = YES;
				CLANG_WARN_EMPTY_BODY = YES;
				CLANG_WARN_ENUM_CONVERSION = YES;
				CLANG_WARN_INFINITE_RECURSION = YES;
				CLANG_WARN_INT_CONVERSION = YES;
				CLANG_WARN_OBJC_ROOT_CLASS = YES_ERROR;
				CLANG_WARN_SUSPICIOUS_MOVE = YES;
				CLANG_WARN_UNREACHABLE_CODE = YES;
				CLANG_WARN__DUPLICATE_METHOD_MATCH = YES;
				"CODE_SIGN_IDENTITY[sdk=iphoneos*]" = "iPhone Developer";
				COPY_PHASE_STRIP = NO;
				DEBUG_INFORMATION_FORMAT = dwarf;
				ENABLE_STRICT_OBJC_MSGSEND = YES;
				ENABLE_TESTABILITY = YES;
				GCC_C_LANGUAGE_STANDARD = gnu99;
				GCC_DYNAMIC_NO_PIC = NO;
				GCC_NO_COMMON_BLOCKS = YES;
				GCC_OPTIMIZATION_LEVEL = 0;
				GCC_PREPROCESSOR_DEFINITIONS = (
					"DEBUG=1",
					"$(inherited)",
				);
				GCC_WARN_64_TO_32_BIT_CONVERSION = YES;
				GCC_WARN_ABOUT_RETURN_TYPE = YES_ERROR;
				GCC_WARN_UNDECLARED_SELECTOR = YES;
				GCC_WARN_UNINITIALIZED_AUTOS = YES_AGGRESSIVE;
				GCC_WARN_UNUSED_FUNCTION = YES;
				GCC_WARN_UNUSED_VARIABLE = YES;
				IPHONEOS_DEPLOYMENT_TARGET = 10.3;
				MTL_ENABLE_DEBUG_INFO = YES;
				ONLY_ACTIVE_ARCH = YES;
				SDKROOT = iphoneos;
				SWIFT_ACTIVE_COMPILATION_CONDITIONS = DEBUG;
				SWIFT_OPTIMIZATION_LEVEL = "-Onone";
				TARGETED_DEVICE_FAMILY = "1,2";
			};
			name = Debug;
		};
		B8FD9CC71FA9B9D700D965F2 /* Release */ = {
			isa = XCBuildConfiguration;
			buildSettings = {
				ALWAYS_SEARCH_USER_PATHS = NO;
				CLANG_ANALYZER_NONNULL = YES;
				CLANG_ANALYZER_NUMBER_OBJECT_CONVERSION = YES_AGGRESSIVE;
				CLANG_CXX_LANGUAGE_STANDARD = "gnu++0x";
				CLANG_CXX_LIBRARY = "libc++";
				CLANG_ENABLE_MODULES = YES;
				CLANG_ENABLE_OBJC_ARC = YES;
				CLANG_WARN_BOOL_CONVERSION = YES;
				CLANG_WARN_CONSTANT_CONVERSION = YES;
				CLANG_WARN_DIRECT_OBJC_ISA_USAGE = YES_ERROR;
				CLANG_WARN_DOCUMENTATION_COMMENTS = YES;
				CLANG_WARN_EMPTY_BODY = YES;
				CLANG_WARN_ENUM_CONVERSION = YES;
				CLANG_WARN_INFINITE_RECURSION = YES;
				CLANG_WARN_INT_CONVERSION = YES;
				CLANG_WARN_OBJC_ROOT_CLASS = YES_ERROR;
				CLANG_WARN_SUSPICIOUS_MOVE = YES;
				CLANG_WARN_UNREACHABLE_CODE = YES;
				CLANG_WARN__DUPLICATE_METHOD_MATCH = YES;
				"CODE_SIGN_IDENTITY[sdk=iphoneos*]" = "iPhone Developer";
				COPY_PHASE_STRIP = NO;
				DEBUG_INFORMATION_FORMAT = "dwarf-with-dsym";
				ENABLE_NS_ASSERTIONS = NO;
				ENABLE_STRICT_OBJC_MSGSEND = YES;
				GCC_C_LANGUAGE_STANDARD = gnu99;
				GCC_NO_COMMON_BLOCKS = YES;
				GCC_WARN_64_TO_32_BIT_CONVERSION = YES;
				GCC_WARN_ABOUT_RETURN_TYPE = YES_ERROR;
				GCC_WARN_UNDECLARED_SELECTOR = YES;
				GCC_WARN_UNINITIALIZED_AUTOS = YES_AGGRESSIVE;
				GCC_WARN_UNUSED_FUNCTION = YES;
				GCC_WARN_UNUSED_VARIABLE = YES;
				IPHONEOS_DEPLOYMENT_TARGET = 10.3;
				MTL_ENABLE_DEBUG_INFO = NO;
				SDKROOT = iphoneos;
				SWIFT_OPTIMIZATION_LEVEL = "-Owholemodule";
				TARGETED_DEVICE_FAMILY = "1,2";
				VALIDATE_PRODUCT = YES;
			};
			name = Release;
		};
		B8FD9CC91FA9B9D700D965F2 /* Debug */ = {
			isa = XCBuildConfiguration;
			baseConfigurationReference = 01FEB07867F7C9D82F17A2B0 /* Pods-APShopping.debug.xcconfig */;
			buildSettings = {
				ASSETCATALOG_COMPILER_APPICON_NAME = AppIcon;
				DEVELOPMENT_TEAM = 68KNUZCUCR;
				FRAMEWORK_SEARCH_PATHS = (
					"$(inherited)",
					"$(PROJECT_DIR)/build/Debug-iphoneos/Alamofire",
					"$(PROJECT_DIR)/build/Debug-iphoneos/AlamofireObjectMapper",
					"$(PROJECT_DIR)/build/Debug-iphoneos/ModelMapper",
					"$(PROJECT_DIR)/build/Debug-iphoneos/Unbox",
					"$(PROJECT_DIR)/build/Debug-iphoneos/UnboxedAlamofire",
					"$(PROJECT_DIR)/build/Debug-iphoneos/ws",
					"$(PROJECT_DIR)/build/Debug-iphoneos/PureLayout",
					"$(PROJECT_DIR)/build/Debug-iphoneos/moa",
					"$(PROJECT_DIR)/build/Debug-iphoneos/Kingfisher",
					"$(PROJECT_DIR)/build/Debug-iphoneos/HAActionSheet",
				);
				INFOPLIST_FILE = APShopping/Info.plist;
				LD_RUNPATH_SEARCH_PATHS = "$(inherited) @executable_path/Frameworks";
				PRODUCT_BUNDLE_IDENTIFIER = com.unnamed.APShopping;
				PRODUCT_NAME = "$(TARGET_NAME)";
				SWIFT_VERSION = 3.0;
			};
			name = Debug;
		};
		B8FD9CCA1FA9B9D700D965F2 /* Release */ = {
			isa = XCBuildConfiguration;
			baseConfigurationReference = 40DEDA6A2A893E30A5F52C37 /* Pods-APShopping.release.xcconfig */;
			buildSettings = {
				ASSETCATALOG_COMPILER_APPICON_NAME = AppIcon;
				DEVELOPMENT_TEAM = 68KNUZCUCR;
				FRAMEWORK_SEARCH_PATHS = (
					"$(inherited)",
					"$(PROJECT_DIR)/build/Debug-iphoneos/Alamofire",
					"$(PROJECT_DIR)/build/Debug-iphoneos/AlamofireObjectMapper",
					"$(PROJECT_DIR)/build/Debug-iphoneos/ModelMapper",
					"$(PROJECT_DIR)/build/Debug-iphoneos/Unbox",
					"$(PROJECT_DIR)/build/Debug-iphoneos/UnboxedAlamofire",
					"$(PROJECT_DIR)/build/Debug-iphoneos/ws",
					"$(PROJECT_DIR)/build/Debug-iphoneos/PureLayout",
					"$(PROJECT_DIR)/build/Debug-iphoneos/moa",
					"$(PROJECT_DIR)/build/Debug-iphoneos/Kingfisher",
					"$(PROJECT_DIR)/build/Debug-iphoneos/HAActionSheet",
				);
				INFOPLIST_FILE = APShopping/Info.plist;
				LD_RUNPATH_SEARCH_PATHS = "$(inherited) @executable_path/Frameworks";
				PRODUCT_BUNDLE_IDENTIFIER = com.unnamed.APShopping;
				PRODUCT_NAME = "$(TARGET_NAME)";
				SWIFT_VERSION = 3.0;
			};
			name = Release;
		};
		B8FD9CCC1FA9B9D700D965F2 /* Debug */ = {
			isa = XCBuildConfiguration;
			baseConfigurationReference = CC61467E60F84D0730A173F3 /* Pods-APShoppingTests.debug.xcconfig */;
			buildSettings = {
				ALWAYS_EMBED_SWIFT_STANDARD_LIBRARIES = YES;
				BUNDLE_LOADER = "$(TEST_HOST)";
				DEVELOPMENT_TEAM = 68KNUZCUCR;
				INFOPLIST_FILE = APShoppingTests/Info.plist;
				LD_RUNPATH_SEARCH_PATHS = "$(inherited) @executable_path/Frameworks @loader_path/Frameworks";
				PRODUCT_BUNDLE_IDENTIFIER = com.unnamed.APShoppingTests;
				PRODUCT_NAME = "$(TARGET_NAME)";
				SWIFT_VERSION = 3.0;
				TEST_HOST = "$(BUILT_PRODUCTS_DIR)/APShopping.app/APShopping";
			};
			name = Debug;
		};
		B8FD9CCD1FA9B9D700D965F2 /* Release */ = {
			isa = XCBuildConfiguration;
			baseConfigurationReference = C469A45204B1F1D69D3629BC /* Pods-APShoppingTests.release.xcconfig */;
			buildSettings = {
				ALWAYS_EMBED_SWIFT_STANDARD_LIBRARIES = YES;
				BUNDLE_LOADER = "$(TEST_HOST)";
				DEVELOPMENT_TEAM = 68KNUZCUCR;
				INFOPLIST_FILE = APShoppingTests/Info.plist;
				LD_RUNPATH_SEARCH_PATHS = "$(inherited) @executable_path/Frameworks @loader_path/Frameworks";
				PRODUCT_BUNDLE_IDENTIFIER = com.unnamed.APShoppingTests;
				PRODUCT_NAME = "$(TARGET_NAME)";
				SWIFT_VERSION = 3.0;
				TEST_HOST = "$(BUILT_PRODUCTS_DIR)/APShopping.app/APShopping";
			};
			name = Release;
		};
		B8FD9CCF1FA9B9D700D965F2 /* Debug */ = {
			isa = XCBuildConfiguration;
			baseConfigurationReference = 54ED10202B34E8BBF3E97F94 /* Pods-APShoppingUITests.debug.xcconfig */;
			buildSettings = {
				ALWAYS_EMBED_SWIFT_STANDARD_LIBRARIES = YES;
				DEVELOPMENT_TEAM = 68KNUZCUCR;
				INFOPLIST_FILE = APShoppingUITests/Info.plist;
				LD_RUNPATH_SEARCH_PATHS = "$(inherited) @executable_path/Frameworks @loader_path/Frameworks";
				PRODUCT_BUNDLE_IDENTIFIER = com.unnamed.APShoppingUITests;
				PRODUCT_NAME = "$(TARGET_NAME)";
				SWIFT_VERSION = 3.0;
				TEST_TARGET_NAME = APShopping;
			};
			name = Debug;
		};
		B8FD9CD01FA9B9D700D965F2 /* Release */ = {
			isa = XCBuildConfiguration;
			baseConfigurationReference = 00412AF8FBD1BB3753FB983B /* Pods-APShoppingUITests.release.xcconfig */;
			buildSettings = {
				ALWAYS_EMBED_SWIFT_STANDARD_LIBRARIES = YES;
				DEVELOPMENT_TEAM = 68KNUZCUCR;
				INFOPLIST_FILE = APShoppingUITests/Info.plist;
				LD_RUNPATH_SEARCH_PATHS = "$(inherited) @executable_path/Frameworks @loader_path/Frameworks";
				PRODUCT_BUNDLE_IDENTIFIER = com.unnamed.APShoppingUITests;
				PRODUCT_NAME = "$(TARGET_NAME)";
				SWIFT_VERSION = 3.0;
				TEST_TARGET_NAME = APShopping;
			};
			name = Release;
		};
/* End XCBuildConfiguration section */

/* Begin XCConfigurationList section */
		B8FD9C9B1FA9B9D700D965F2 /* Build configuration list for PBXProject "APShopping" */ = {
			isa = XCConfigurationList;
			buildConfigurations = (
				B8FD9CC61FA9B9D700D965F2 /* Debug */,
				B8FD9CC71FA9B9D700D965F2 /* Release */,
			);
			defaultConfigurationIsVisible = 0;
			defaultConfigurationName = Release;
		};
		B8FD9CC81FA9B9D700D965F2 /* Build configuration list for PBXNativeTarget "APShopping" */ = {
			isa = XCConfigurationList;
			buildConfigurations = (
				B8FD9CC91FA9B9D700D965F2 /* Debug */,
				B8FD9CCA1FA9B9D700D965F2 /* Release */,
			);
			defaultConfigurationIsVisible = 0;
			defaultConfigurationName = Release;
		};
		B8FD9CCB1FA9B9D700D965F2 /* Build configuration list for PBXNativeTarget "APShoppingTests" */ = {
			isa = XCConfigurationList;
			buildConfigurations = (
				B8FD9CCC1FA9B9D700D965F2 /* Debug */,
				B8FD9CCD1FA9B9D700D965F2 /* Release */,
			);
			defaultConfigurationIsVisible = 0;
			defaultConfigurationName = Release;
		};
		B8FD9CCE1FA9B9D700D965F2 /* Build configuration list for PBXNativeTarget "APShoppingUITests" */ = {
			isa = XCConfigurationList;
			buildConfigurations = (
				B8FD9CCF1FA9B9D700D965F2 /* Debug */,
				B8FD9CD01FA9B9D700D965F2 /* Release */,
			);
			defaultConfigurationIsVisible = 0;
			defaultConfigurationName = Release;
		};
/* End XCConfigurationList section */
	};
	rootObject = B8FD9C981FA9B9D700D965F2 /* Project object */;
}
